
Microsoft Visual Studio Solution File, Format Version 12.00
# Visual Studio 15
VisualStudioVersion = 15.0.27703.2035
MinimumVisualStudioVersion = 10.0.40219.1
Project("{FAE04EC0-301F-11D3-BF4B-00C04F79EFBC}") = "Bnpp.HelpdeskChatBot.Api", "Bnpp.HelpdeskChatBot.Api\Bnpp.HelpdeskChatBot.Api.csproj", "{503FBCE2-DC60-4CAA-86A6-FA1F2C5C207C}"
EndProject
Global
	GlobalSection(SolutionConfigurationPlatforms) = preSolution
		Debug|Any CPU = Debug|Any CPU
		Release|Any CPU = Release|Any CPU
	EndGlobalSection
	GlobalSection(ProjectConfigurationPlatforms) = postSolution
		{503FBCE2-DC60-4CAA-86A6-FA1F2C5C207C}.Debug|Any CPU.ActiveCfg = Debug|Any CPU
		{503FBCE2-DC60-4CAA-86A6-FA1F2C5C207C}.Debug|Any CPU.Build.0 = Debug|Any CPU
		{503FBCE2-DC60-4CAA-86A6-FA1F2C5C207C}.Release|Any CPU.ActiveCfg = Release|Any CPU
		{503FBCE2-DC60-4CAA-86A6-FA1F2C5C207C}.Release|Any CPU.Build.0 = Release|Any CPU
	EndGlobalSection
	GlobalSection(SolutionProperties) = preSolution
		HideSolutionNode = FALSE
	EndGlobalSection
	GlobalSection(ExtensibilityGlobals) = postSolution
		SolutionGuid = {EE37FC5C-ECE0-4BC7-9793-F7C9F04B70A2}
	EndGlobalSection
EndGlobal
